Microsoft Visual Studio Solution File, Format Version 12.00
# Visual Studio 2012
Project("{FAE04EC0-301F-11D3-BF4B-00C04F79EFBC}") = "GodotCsharpExperiments", "GodotCsharpExperiments.csproj", "{EB31B78D-7185-433A-8E04-5E07A7B83699}"
EndProject
Global
	GlobalSection(SolutionConfigurationPlatforms) = preSolution
	Debug|Any CPU = Debug|Any CPU
	ExportDebug|Any CPU = ExportDebug|Any CPU
	ExportRelease|Any CPU = ExportRelease|Any CPU
	EndGlobalSection
	GlobalSection(ProjectConfigurationPlatforms) = postSolution
		{EB31B78D-7185-433A-8E04-5E07A7B83699}.Debug|Any CPU.ActiveCfg = Debug|Any CPU
		{EB31B78D-7185-433A-8E04-5E07A7B83699}.Debug|Any CPU.Build.0 = Debug|Any CPU
		{EB31B78D-7185-433A-8E04-5E07A7B83699}.ExportDebug|Any CPU.ActiveCfg = ExportDebug|Any CPU
		{EB31B78D-7185-433A-8E04-5E07A7B83699}.ExportDebug|Any CPU.Build.0 = ExportDebug|Any CPU
		{EB31B78D-7185-433A-8E04-5E07A7B83699}.ExportRelease|Any CPU.ActiveCfg = ExportRelease|Any CPU
		{EB31B78D-7185-433A-8E04-5E07A7B83699}.ExportRelease|Any CPU.Build.0 = ExportRelease|Any CPU
	EndGlobalSection
EndGlobal
